{
	"name": "sadbhavna_donatekart",
	"lockfileVersion": 3,
	"requires": true,
	"packages": {
		"": {
			"hasInstallScript": true,
			"dependencies": {
				"facebook-login-vuejs": "^2.1.3"
			}
		},
		"node_modules/facebook-login-vuejs": {
			"version": "2.1.3",
			"resolved": "https://registry.npmjs.org/facebook-login-vuejs/-/facebook-login-vuejs-2.1.3.tgz",
			"integrity": "sha512-b9XtqCw9QJWpyQgvH1qWvsH4OjZAcIMxcAjdjZzpjiaKgImvfhzfnaiJQare9oYpFrnaS3UiODZA1GbWaUolvQ==",
			"engines": {
				"node": ">= 4.0.0",
				"npm": ">= 3.0.0"
			}
		}
	}
}
